
Microsoft Visual Studio Solution File, Format Version 12.00
# Visual Studio Version 16
VisualStudioVersion = 16.0.29418.71
MinimumVisualStudioVersion = 10.0.40219.1
Project("{FAE04EC0-301F-11D3-BF4B-00C04F79EFBC}") = "dotNet5780_02_9916_08225", "dotNet5780_02_9916_08225\dotNet5780_02_9916_08225.csproj", "{0E236F0B-5515-43D9-BA75-43CEA337B55E}"
EndProject
Global
	GlobalSection(SolutionConfigurationPlatforms) = preSolution
		Debug|Any CPU = Debug|Any CPU
		Release|Any CPU = Release|Any CPU
	EndGlobalSection
	GlobalSection(ProjectConfigurationPlatforms) = postSolution
		{0E236F0B-5515-43D9-BA75-43CEA337B55E}.Debug|Any CPU.ActiveCfg = Debug|Any CPU
		{0E236F0B-5515-43D9-BA75-43CEA337B55E}.Debug|Any CPU.Build.0 = Debug|Any CPU
		{0E236F0B-5515-43D9-BA75-43CEA337B55E}.Release|Any CPU.ActiveCfg = Release|Any CPU
		{0E236F0B-5515-43D9-BA75-43CEA337B55E}.Release|Any CPU.Build.0 = Release|Any CPU
	EndGlobalSection
	GlobalSection(SolutionProperties) = preSolution
		HideSolutionNode = FALSE
	EndGlobalSection
	GlobalSection(ExtensibilityGlobals) = postSolution
		SolutionGuid = {0EBBB170-C1AE-44F9-8807-D2105F94719F}
	EndGlobalSection
EndGlobal
